// !$*UTF8*$!
{
	archiveVersion = 1;
	classes = {
	};
	objectVersion = 56;
	objects = {

/* Begin PBXBuildFile section */
		A406CD942B6DBD9F00998D5C /* ViewsApp.swift in Sources */ = {isa = PBXBuildFile; fileRef = A406CD932B6DBD9F00998D5C /* ViewsApp.swift */; };
		A406CD962B6DBD9F00998D5C /* ContentView.swift in Sources */ = {isa = PBXBuildFile; fileRef = A406CD952B6DBD9F00998D5C /* ContentView.swift */; };
		A406CD982B6DBDA000998D5C /* Assets.xcassets in Resources */ = {isa = PBXBuildFile; fileRef = A406CD972B6DBDA000998D5C /* Assets.xcassets */; };
		A406CD9B2B6DBDA000998D5C /* Preview Assets.xcassets in Resources */ = {isa = PBXBuildFile; fileRef = A406CD9A2B6DBDA000998D5C /* Preview Assets.xcassets */; };
		A406CDA52B6DBDA000998D5C /* ViewsTests.swift in Sources */ = {isa = PBXBuildFile; fileRef = A406CDA42B6DBDA000998D5C /* ViewsTests.swift */; };
		A406CDAF2B6DBDA100998D5C /* ViewsUITests.swift in Sources */ = {isa = PBXBuildFile; fileRef = A406CDAE2B6DBDA100998D5C /* ViewsUITests.swift */; };
		A406CDB12B6DBDA100998D5C /* ViewsUITestsLaunchTests.swift in Sources */ = {isa = PBXBuildFile; fileRef = A406CDB02B6DBDA100998D5C /* ViewsUITestsLaunchTests.swift */; };
		A406CDBE2B6DD2E300998D5C /* GridStack.swift in Sources */ = {isa = PBXBuildFile; fileRef = A406CDBD2B6DD2E300998D5C /* GridStack.swift */; };
/* End PBXBuildFile section */

/* Begin PBXContainerItemProxy section */
		A406CDA12B6DBDA000998D5C /* PBXContainerItemProxy */ = {
			isa = PBXContainerItemProxy;
			containerPortal = A406CD882B6DBD9F00998D5C /* Project object */;
			proxyType = 1;
			remoteGlobalIDString = A406CD8F2B6DBD9F00998D5C;
			remoteInfo = Views;
		};
		A406CDAB2B6DBDA100998D5C /* PBXContainerItemProxy */ = {
			isa = PBXContainerItemProxy;
			containerPortal = A406CD882B6DBD9F00998D5C /* Project object */;
			proxyType = 1;
			remoteGlobalIDString = A406CD8F2B6DBD9F00998D5C;
			remoteInfo = Views;
		};
/* End PBXContainerItemProxy section */

/* Begin PBXFileReference section */
		A406CD902B6DBD9F00998D5C /* Views.app */ = {isa = PBXFileReference; explicitFileType = wrapper.application; includeInIndex = 0; path = Views.app; sourceTree = BUILT_PRODUCTS_DIR; };
		A406CD932B6DBD9F00998D5C /* ViewsApp.swift */ = {isa = PBXFileReference; lastKnownFileType = sourcecode.swift; path = ViewsApp.swift; sourceTree = "<group>"; };
		A406CD952B6DBD9F00998D5C /* ContentView.swift */ = {isa = PBXFileReference; lastKnownFileType = sourcecode.swift; path = ContentView.swift; sourceTree = "<group>"; };
		A406CD972B6DBDA000998D5C /* Assets.xcassets */ = {isa = PBXFileReference; lastKnownFileType = folder.assetcatalog; path = Assets.xcassets; sourceTree = "<group>"; };
		A406CD9A2B6DBDA000998D5C /* Preview Assets.xcassets */ = {isa = PBXFileReference; lastKnownFileType = folder.assetcatalog; path = "Preview Assets.xcassets"; sourceTree = "<group>"; };
		A406CDA02B6DBDA000998D5C /* ViewsTests.xctest */ = {isa = PBXFileReference; explicitFileType = wrapper.cfbundle; includeInIndex = 0; path = ViewsTests.xctest; sourceTree = BUILT_PRODUCTS_DIR; };
		A406CDA42B6DBDA000998D5C /* ViewsTests.swift */ = {isa = PBXFileReference; lastKnownFileType = sourcecode.swift; path = ViewsTests.swift; sourceTree = "<group>"; };
		A406CDAA2B6DBDA100998D5C /* ViewsUITests.xctest */ = {isa = PBXFileReference; explicitFileType = wrapper.cfbundle; includeInIndex = 0; path = ViewsUITests.xctest; sourceTree = BUILT_PRODUCTS_DIR; };
		A406CDAE2B6DBDA100998D5C /* ViewsUITests.swift */ = {isa = PBXFileReference; lastKnownFileType = sourcecode.swift; path = ViewsUITests.swift; sourceTree = "<group>"; };
		A406CDB02B6DBDA100998D5C /* ViewsUITestsLaunchTests.swift */ = {isa = PBXFileReference; lastKnownFileType = sourcecode.swift; path = ViewsUITestsLaunchTests.swift; sourceTree = "<group>"; };
		A406CDBD2B6DD2E300998D5C /* GridStack.swift */ = {isa = PBXFileReference; lastKnownFileType = sourcecode.swift; path = GridStack.swift; sourceTree = "<group>"; };
/* End PBXFileReference section */

/* Begin PBXFrameworksBuildPhase section */
		A406CD8D2B6DBD9F00998D5C /* Frameworks */ = {
			isa = PBXFrameworksBuildPhase;
			buildActionMask = 2147483647;
			files = (
			);
			runOnlyForDeploymentPostprocessing = 0;
		};
		A406CD9D2B6DBDA000998D5C /* Frameworks */ = {
			isa = PBXFrameworksBuildPhase;
			buildActionMask = 2147483647;
			files = (
			);
			runOnlyForDeploymentPostprocessing = 0;
		};
		A406CDA72B6DBDA100998D5C /* Frameworks */ = {
			isa = PBXFrameworksBuildPhase;
			buildActionMask = 2147483647;
			files = (
			);
			runOnlyForDeploymentPostprocessing = 0;
		};
/* End PBXFrameworksBuildPhase section */

/* Begin PBXGroup section */
		A406CD872B6DBD9F00998D5C = {
			isa = PBXGroup;
			children = (
				A406CD922B6DBD9F00998D5C /* Views */,
				A406CDA32B6DBDA000998D5C /* ViewsTests */,
				A406CDAD2B6DBDA100998D5C /* ViewsUITests */,
				A406CD912B6DBD9F00998D5C /* Products */,
			);
			sourceTree = "<group>";
		};
		A406CD912B6DBD9F00998D5C /* Products */ = {
			isa = PBXGroup;
			children = (
				A406CD902B6DBD9F00998D5C /* Views.app */,
				A406CDA02B6DBDA000998D5C /* ViewsTests.xctest */,
				A406CDAA2B6DBDA100998D5C /* ViewsUITests.xctest */,
			);
			name = Products;
			sourceTree = "<group>";
		};
		A406CD922B6DBD9F00998D5C /* Views */ = {
			isa = PBXGroup;
			children = (
				A406CD932B6DBD9F00998D5C /* ViewsApp.swift */,
				A406CD952B6DBD9F00998D5C /* ContentView.swift */,
				A406CDBD2B6DD2E300998D5C /* GridStack.swift */,
				A406CD972B6DBDA000998D5C /* Assets.xcassets */,
				A406CD992B6DBDA000998D5C /* Preview Content */,
			);
			path = Views;
			sourceTree = "<group>";
		};
		A406CD992B6DBDA000998D5C /* Preview Content */ = {
			isa = PBXGroup;
			children = (
				A406CD9A2B6DBDA000998D5C /* Preview Assets.xcassets */,
			);
			path = "Preview Content";
			sourceTree = "<group>";
		};
		A406CDA32B6DBDA000998D5C /* ViewsTests */ = {
			isa = PBXGroup;
			children = (
				A406CDA42B6DBDA000998D5C /* ViewsTests.swift */,
			);
			path = ViewsTests;
			sourceTree = "<group>";
		};
		A406CDAD2B6DBDA100998D5C /* ViewsUITests */ = {
			isa = PBXGroup;
			children = (
				A406CDAE2B6DBDA100998D5C /* ViewsUITests.swift */,
				A406CDB02B6DBDA100998D5C /* ViewsUITestsLaunchTests.swift */,
			);
			path = ViewsUITests;
			sourceTree = "<group>";
		};
/* End PBXGroup section */

/* Begin PBXNativeTarget section */
		A406CD8F2B6DBD9F00998D5C /* Views */ = {
			isa = PBXNativeTarget;
			buildConfigurationList = A406CDB42B6DBDA100998D5C /* Build configuration list for PBXNativeTarget "Views" */;
			buildPhases = (
				A406CD8C2B6DBD9F00998D5C /* Sources */,
				A406CD8D2B6DBD9F00998D5C /* Frameworks */,
				A406CD8E2B6DBD9F00998D5C /* Resources */,
			);
			buildRules = (
			);
			dependencies = (
			);
			name = Views;
			productName = Views;
			productReference = A406CD902B6DBD9F00998D5C /* Views.app */;
			productType = "com.apple.product-type.application";
		};
		A406CD9F2B6DBDA000998D5C /* ViewsTests */ = {
			isa = PBXNativeTarget;
			buildConfigurationList = A406CDB72B6DBDA100998D5C /* Build configuration list for PBXNativeTarget "ViewsTests" */;
			buildPhases = (
				A406CD9C2B6DBDA000998D5C /* Sources */,
				A406CD9D2B6DBDA000998D5C /* Frameworks */,
				A406CD9E2B6DBDA000998D5C /* Resources */,
			);
			buildRules = (
			);
			dependencies = (
				A406CDA22B6DBDA000998D5C /* PBXTargetDependency */,
			);
			name = ViewsTests;
			productName = ViewsTests;
			productReference = A406CDA02B6DBDA000998D5C /* ViewsTests.xctest */;
			productType = "com.apple.product-type.bundle.unit-test";
		};
		A406CDA92B6DBDA100998D5C /* ViewsUITests */ = {
			isa = PBXNativeTarget;
			buildConfigurationList = A406CDBA2B6DBDA100998D5C /* Build configuration list for PBXNativeTarget "ViewsUITests" */;
			buildPhases = (
				A406CDA62B6DBDA100998D5C /* Sources */,
				A406CDA72B6DBDA100998D5C /* Frameworks */,
				A406CDA82B6DBDA100998D5C /* Resources */,
			);
			buildRules = (
			);
			dependencies = (
				A406CDAC2B6DBDA100998D5C /* PBXTargetDependency */,
			);
			name = ViewsUITests;
			productName = ViewsUITests;
			productReference = A406CDAA2B6DBDA100998D5C /* ViewsUITests.xctest */;
			productType = "com.apple.product-type.bundle.ui-testing";
		};
/* End PBXNativeTarget section */

/* Begin PBXProject section */
		A406CD882B6DBD9F00998D5C /* Project object */ = {
			isa = PBXProject;
			attributes = {
				BuildIndependentTargetsInParallel = 1;
				LastSwiftUpdateCheck = 1520;
				LastUpgradeCheck = 1520;
				TargetAttributes = {
					A406CD8F2B6DBD9F00998D5C = {
						CreatedOnToolsVersion = 15.2;
					};
					A406CD9F2B6DBDA000998D5C = {
						CreatedOnToolsVersion = 15.2;
						TestTargetID = A406CD8F2B6DBD9F00998D5C;
					};
					A406CDA92B6DBDA100998D5C = {
						CreatedOnToolsVersion = 15.2;
						TestTargetID = A406CD8F2B6DBD9F00998D5C;
					};
				};
			};
			buildConfigurationList = A406CD8B2B6DBD9F00998D5C /* Build configuration list for PBXProject "Views" */;
			compatibilityVersion = "Xcode 14.0";
			developmentRegion = en;
			hasScannedForEncodings = 0;
			knownRegions = (
				en,
				Base,
			);
			mainGroup = A406CD872B6DBD9F00998D5C;
			productRefGroup = A406CD912B6DBD9F00998D5C /* Products */;
			projectDirPath = "";
			projectRoot = "";
			targets = (
				A406CD8F2B6DBD9F00998D5C /* Views */,
				A406CD9F2B6DBDA000998D5C /* ViewsTests */,
				A406CDA92B6DBDA100998D5C /* ViewsUITests */,
			);
		};
/* End PBXProject section */

/* Begin PBXResourcesBuildPhase section */
		A406CD8E2B6DBD9F00998D5C /* Resources */ = {
			isa = PBXResourcesBuildPhase;
			buildActionMask = 2147483647;
			files = (
				A406CD9B2B6DBDA000998D5C /* Preview Assets.xcassets in Resources */,
				A406CD982B6DBDA000998D5C /* Assets.xcassets in Resources */,
			);
			runOnlyForDeploymentPostprocessing = 0;
		};
		A406CD9E2B6DBDA000998D5C /* Resources */ = {
			isa = PBXResourcesBuildPhase;
			buildActionMask = 2147483647;
			files = (
			);
			runOnlyForDeploymentPostprocessing = 0;
		};
		A406CDA82B6DBDA100998D5C /* Resources */ = {
			isa = PBXResourcesBuildPhase;
			buildActionMask = 2147483647;
			files = (
			);
			runOnlyForDeploymentPostprocessing = 0;
		};
/* End PBXResourcesBuildPhase section */

/* Begin PBXSourcesBuildPhase section */
		A406CD8C2B6DBD9F00998D5C /* Sources */ = {
			isa = PBXSourcesBuildPhase;
			buildActionMask = 2147483647;
			files = (
				A406CD962B6DBD9F00998D5C /* ContentView.swift in Sources */,
				A406CD942B6DBD9F00998D5C /* ViewsApp.swift in Sources */,
				A406CDBE2B6DD2E300998D5C /* GridStack.swift in Sources */,
			);
			runOnlyForDeploymentPostprocessing = 0;
		};
		A406CD9C2B6DBDA000998D5C /* Sources */ = {
			isa = PBXSourcesBuildPhase;
			buildActionMask = 2147483647;
			files = (
				A406CDA52B6DBDA000998D5C /* ViewsTests.swift in Sources */,
			);
			runOnlyForDeploymentPostprocessing = 0;
		};
		A406CDA62B6DBDA100998D5C /* Sources */ = {
			isa = PBXSourcesBuildPhase;
			buildActionMask = 2147483647;
			files = (
				A406CDAF2B6DBDA100998D5C /* ViewsUITests.swift in Sources */,
				A406CDB12B6DBDA100998D5C /* ViewsUITestsLaunchTests.swift in Sources */,
			);
			runOnlyForDeploymentPostprocessing = 0;
		};
/* End PBXSourcesBuildPhase section */

/* Begin PBXTargetDependency section */
		A406CDA22B6DBDA000998D5C /* PBXTargetDependency */ = {
			isa = PBXTargetDependency;
			target = A406CD8F2B6DBD9F00998D5C /* Views */;
			targetProxy = A406CDA12B6DBDA000998D5C /* PBXContainerItemProxy */;
		};
		A406CDAC2B6DBDA100998D5C /* PBXTargetDependency */ = {
			isa = PBXTargetDependency;
			target = A406CD8F2B6DBD9F00998D5C /* Views */;
			targetProxy = A406CDAB2B6DBDA100998D5C /* PBXContainerItemProxy */;
		};
/* End PBXTargetDependency section */

/* Begin XCBuildConfiguration section */
		A406CDB22B6DBDA100998D5C /* Debug */ = {
			isa = XCBuildConfiguration;
			buildSettings = {
				ALWAYS_SEARCH_USER_PATHS = NO;
				ASSETCATALOG_COMPILER_GENERATE_SWIFT_ASSET_SYMBOL_EXTENSIONS = YES;
				CLANG_ANALYZER_NONNULL = YES;
				CLANG_ANALYZER_NUMBER_OBJECT_CONVERSION = YES_AGGRESSIVE;
				CLANG_CXX_LANGUAGE_STANDARD = "gnu++20";
				CLANG_ENABLE_MODULES = YES;
				CLANG_ENABLE_OBJC_ARC = YES;
				CLANG_ENABLE_OBJC_WEAK = YES;
				CLANG_WARN_BLOCK_CAPTURE_AUTORELEASING = YES;
				CLANG_WARN_BOOL_CONVERSION = YES;
				CLANG_WARN_COMMA = YES;
				CLANG_WARN_CONSTANT_CONVERSION = YES;
				CLANG_WARN_DEPRECATED_OBJC_IMPLEMENTATIONS = YES;
				CLANG_WARN_DIRECT_OBJC_ISA_USAGE = YES_ERROR;
				CLANG_WARN_DOCUMENTATION_COMMENTS = YES;
				CLANG_WARN_EMPTY_BODY = YES;
				CLANG_WARN_ENUM_CONVERSION = YES;
				CLANG_WARN_INFINITE_RECURSION = YES;
				CLANG_WARN_INT_CONVERSION = YES;
				CLANG_WARN_NON_LITERAL_NULL_CONVERSION = YES;
				CLANG_WARN_OBJC_IMPLICIT_RETAIN_SELF = YES;
				CLANG_WARN_OBJC_LITERAL_CONVERSION = YES;
				CLANG_WARN_OBJC_ROOT_CLASS = YES_ERROR;
				CLANG_WARN_QUOTED_INCLUDE_IN_FRAMEWORK_HEADER = YES;
				CLANG_WARN_RANGE_LOOP_ANALYSIS = YES;
				CLANG_WARN_STRICT_PROTOTYPES = YES;
				CLANG_WARN_SUSPICIOUS_MOVE = YES;
				CLANG_WARN_UNGUARDED_AVAILABILITY = YES_AGGRESSIVE;
				CLANG_WARN_UNREACHABLE_CODE = YES;
				CLANG_WARN__DUPLICATE_METHOD_MATCH = YES;
				COPY_PHASE_STRIP = NO;
				DEBUG_INFORMATION_FORMAT = dwarf;
				ENABLE_STRICT_OBJC_MSGSEND = YES;
				ENABLE_TESTABILITY = YES;
				ENABLE_USER_SCRIPT_SANDBOXING = YES;
				GCC_C_LANGUAGE_STANDARD = gnu17;
				GCC_DYNAMIC_NO_PIC = NO;
				GCC_NO_COMMON_BLOCKS = YES;
				GCC_OPTIMIZATION_LEVEL = 0;
				GCC_PREPROCESSOR_DEFINITIONS = (
					"DEBUG=1",
					"$(inherited)",
				);
				GCC_WARN_64_TO_32_BIT_CONVERSION = YES;
				GCC_WARN_ABOUT_RETURN_TYPE = YES_ERROR;
				GCC_WARN_UNDECLARED_SELECTOR = YES;
				GCC_WARN_UNINITIALIZED_AUTOS = YES_AGGRESSIVE;
				GCC_WARN_UNUSED_FUNCTION = YES;
				GCC_WARN_UNUSED_VARIABLE = YES;
				IPHONEOS_DEPLOYMENT_TARGET = 17.2;
				LOCALIZATION_PREFERS_STRING_CATALOGS = YES;
				MTL_ENABLE_DEBUG_INFO = INCLUDE_SOURCE;
				MTL_FAST_MATH = YES;
				ONLY_ACTIVE_ARCH = YES;
				SDKROOT = iphoneos;
				SWIFT_ACTIVE_COMPILATION_CONDITIONS = "DEBUG $(inherited)";
				SWIFT_OPTIMIZATION_LEVEL = "-Onone";
			};
			name = Debug;
		};
		A406CDB32B6DBDA100998D5C /* Release */ = {
			isa = XCBuildConfiguration;
			buildSettings = {
				ALWAYS_SEARCH_USER_PATHS = NO;
				ASSETCATALOG_COMPILER_GENERATE_SWIFT_ASSET_SYMBOL_EXTENSIONS = YES;
				CLANG_ANALYZER_NONNULL = YES;
				CLANG_ANALYZER_NUMBER_OBJECT_CONVERSION = YES_AGGRESSIVE;
				CLANG_CXX_LANGUAGE_STANDARD = "gnu++20";
				CLANG_ENABLE_MODULES = YES;
				CLANG_ENABLE_OBJC_ARC = YES;
				CLANG_ENABLE_OBJC_WEAK = YES;
				CLANG_WARN_BLOCK_CAPTURE_AUTORELEASING = YES;
				CLANG_WARN_BOOL_CONVERSION = YES;
				CLANG_WARN_COMMA = YES;
				CLANG_WARN_CONSTANT_CONVERSION = YES;
				CLANG_WARN_DEPRECATED_OBJC_IMPLEMENTATIONS = YES;
				CLANG_WARN_DIRECT_OBJC_ISA_USAGE = YES_ERROR;
				CLANG_WARN_DOCUMENTATION_COMMENTS = YES;
				CLANG_WARN_EMPTY_BODY = YES;
				CLANG_WARN_ENUM_CONVERSION = YES;
				CLANG_WARN_INFINITE_RECURSION = YES;
				CLANG_WARN_INT_CONVERSION = YES;
				CLANG_WARN_NON_LITERAL_NULL_CONVERSION = YES;
				CLANG_WARN_OBJC_IMPLICIT_RETAIN_SELF = YES;
				CLANG_WARN_OBJC_LITERAL_CONVERSION = YES;
				CLANG_WARN_OBJC_ROOT_CLASS = YES_ERROR;
				CLANG_WARN_QUOTED_INCLUDE_IN_FRAMEWORK_HEADER = YES;
				CLANG_WARN_RANGE_LOOP_ANALYSIS = YES;
				CLANG_WARN_STRICT_PROTOTYPES = YES;
				CLANG_WARN_SUSPICIOUS_MOVE = YES;
				CLANG_WARN_UNGUARDED_AVAILABILITY = YES_AGGRESSIVE;
				CLANG_WARN_UNREACHABLE_CODE = YES;
				CLANG_WARN__DUPLICATE_METHOD_MATCH = YES;
				COPY_PHASE_STRIP = NO;
				DEBUG_INFORMATION_FORMAT = "dwarf-with-dsym";
				ENABLE_NS_ASSERTIONS = NO;
				ENABLE_STRICT_OBJC_MSGSEND = YES;
				ENABLE_USER_SCRIPT_SANDBOXING = YES;
				GCC_C_LANGUAGE_STANDARD = gnu17;
				GCC_NO_COMMON_BLOCKS = YES;
				GCC_WARN_64_TO_32_BIT_CONVERSION = YES;
				GCC_WARN_ABOUT_RETURN_TYPE = YES_ERROR;
				GCC_WARN_UNDECLARED_SELECTOR = YES;
				GCC_WARN_UNINITIALIZED_AUTOS = YES_AGGRESSIVE;
				GCC_WARN_UNUSED_FUNCTION = YES;
				GCC_WARN_UNUSED_VARIABLE = YES;
				IPHONEOS_DEPLOYMENT_TARGET = 17.2;
				LOCALIZATION_PREFERS_STRING_CATALOGS = YES;
				MTL_ENABLE_DEBUG_INFO = NO;
				MTL_FAST_MATH = YES;
				SDKROOT = iphoneos;
				SWIFT_COMPILATION_MODE = wholemodule;
				VALIDATE_PRODUCT = YES;
			};
			name = Release;
		};
		A406CDB52B6DBDA100998D5C /* Debug */ = {
			isa = XCBuildConfiguration;
			buildSettings = {
				ASSETCATALOG_COMPILER_APPICON_NAME = AppIcon;
				ASSETCATALOG_COMPILER_GLOBAL_ACCENT_COLOR_NAME = AccentColor;
				CODE_SIGN_STYLE = Automatic;
				CURRENT_PROJECT_VERSION = 1;
				DEVELOPMENT_ASSET_PATHS = "\"Views/Preview Content\"";
				DEVELOPMENT_TEAM = VKVRFXK4QK;
				ENABLE_PREVIEWS = YES;
				GENERATE_INFOPLIST_FILE = YES;
				INFOPLIST_KEY_UIApplicationSceneManifest_Generation = YES;
				INFOPLIST_KEY_UIApplicationSupportsIndirectInputEvents = YES;
				INFOPLIST_KEY_UILaunchScreen_Generation = YES;
				INFOPLIST_KEY_UISupportedInterfaceOrientations_iPad = "UIInterfaceOrientationPortrait UIInterfaceOrientationPortraitUpsideDown UIInterfaceOrientationLandscapeLeft UIInterfaceOrientationLandscapeRight";
				INFOPLIST_KEY_UISupportedInterfaceOrientations_iPhone = "UIInterfaceOrientationPortrait UIInterfaceOrientationLandscapeLeft UIInterfaceOrientationLandscapeRight";
				LD_RUNPATH_SEARCH_PATHS = (
					"$(inherited)",
					"@executable_path/Frameworks",
				);
				MARKETING_VERSION = 1.0;
				PRODUCT_BUNDLE_IDENTIFIER = com.coofzilla.Views;
				PRODUCT_NAME = "$(TARGET_NAME)";
				SWIFT_EMIT_LOC_STRINGS = YES;
				SWIFT_VERSION = 5.0;
				TARGETED_DEVICE_FAMILY = "1,2";
			};
			name = Debug;
		};
		A406CDB62B6DBDA100998D5C /* Release */ = {
			isa = XCBuildConfiguration;
			buildSettings = {
				ASSETCATALOG_COMPILER_APPICON_NAME = AppIcon;
				ASSETCATALOG_COMPILER_GLOBAL_ACCENT_COLOR_NAME = AccentColor;
				CODE_SIGN_STYLE = Automatic;
				CURRENT_PROJECT_VERSION = 1;
				DEVELOPMENT_ASSET_PATHS = "\"Views/Preview Content\"";
				DEVELOPMENT_TEAM = VKVRFXK4QK;
				ENABLE_PREVIEWS = YES;
				GENERATE_INFOPLIST_FILE = YES;
				INFOPLIST_KEY_UIApplicationSceneManifest_Generation = YES;
				INFOPLIST_KEY_UIApplicationSupportsIndirectInputEvents = YES;
				INFOPLIST_KEY_UILaunchScreen_Generation = YES;
				INFOPLIST_KEY_UISupportedInterfaceOrientations_iPad = "UIInterfaceOrientationPortrait UIInterfaceOrientationPortraitUpsideDown UIInterfaceOrientationLandscapeLeft UIInterfaceOrientationLandscapeRight";
				INFOPLIST_KEY_UISupportedInterfaceOrientations_iPhone = "UIInterfaceOrientationPortrait UIInterfaceOrientationLandscapeLeft UIInterfaceOrientationLandscapeRight";
				LD_RUNPATH_SEARCH_PATHS = (
					"$(inherited)",
					"@executable_path/Frameworks",
				);
				MARKETING_VERSION = 1.0;
				PRODUCT_BUNDLE_IDENTIFIER = com.coofzilla.Views;
				PRODUCT_NAME = "$(TARGET_NAME)";
				SWIFT_EMIT_LOC_STRINGS = YES;
				SWIFT_VERSION = 5.0;
				TARGETED_DEVICE_FAMILY = "1,2";
			};
			name = Release;
		};
		A406CDB82B6DBDA100998D5C /* Debug */ = {
			isa = XCBuildConfiguration;
			buildSettings = {
				ALWAYS_EMBED_SWIFT_STANDARD_LIBRARIES = YES;
				BUNDLE_LOADER = "$(TEST_HOST)";
				CODE_SIGN_STYLE = Automatic;
				CURRENT_PROJECT_VERSION = 1;
				DEVELOPMENT_TEAM = VKVRFXK4QK;
				GENERATE_INFOPLIST_FILE = YES;
				IPHONEOS_DEPLOYMENT_TARGET = 17.2;
				MARKETING_VERSION = 1.0;
				PRODUCT_BUNDLE_IDENTIFIER = com.coofzilla.ViewsTests;
				PRODUCT_NAME = "$(TARGET_NAME)";
				SWIFT_EMIT_LOC_STRINGS = NO;
				SWIFT_VERSION = 5.0;
				TARGETED_DEVICE_FAMILY = "1,2";
				TEST_HOST = "$(BUILT_PRODUCTS_DIR)/Views.app/$(BUNDLE_EXECUTABLE_FOLDER_PATH)/Views";
			};
			name = Debug;
		};
		A406CDB92B6DBDA100998D5C /* Release */ = {
			isa = XCBuildConfiguration;
			buildSettings = {
				ALWAYS_EMBED_SWIFT_STANDARD_LIBRARIES = YES;
				BUNDLE_LOADER = "$(TEST_HOST)";
				CODE_SIGN_STYLE = Automatic;
				CURRENT_PROJECT_VERSION = 1;
				DEVELOPMENT_TEAM = VKVRFXK4QK;
				GENERATE_INFOPLIST_FILE = YES;
				IPHONEOS_DEPLOYMENT_TARGET = 17.2;
				MARKETING_VERSION = 1.0;
				PRODUCT_BUNDLE_IDENTIFIER = com.coofzilla.ViewsTests;
				PRODUCT_NAME = "$(TARGET_NAME)";
				SWIFT_EMIT_LOC_STRINGS = NO;
				SWIFT_VERSION = 5.0;
				TARGETED_DEVICE_FAMILY = "1,2";
				TEST_HOST = "$(BUILT_PRODUCTS_DIR)/Views.app/$(BUNDLE_EXECUTABLE_FOLDER_PATH)/Views";
			};
			name = Release;
		};
		A406CDBB2B6DBDA100998D5C /* Debug */ = {
			isa = XCBuildConfiguration;
			buildSettings = {
				ALWAYS_EMBED_SWIFT_STANDARD_LIBRARIES = YES;
				CODE_SIGN_STYLE = Automatic;
				CURRENT_PROJECT_VERSION = 1;
				DEVELOPMENT_TEAM = VKVRFXK4QK;
				GENERATE_INFOPLIST_FILE = YES;
				MARKETING_VERSION = 1.0;
				PRODUCT_BUNDLE_IDENTIFIER = com.coofzilla.ViewsUITests;
				PRODUCT_NAME = "$(TARGET_NAME)";
				SWIFT_EMIT_LOC_STRINGS = NO;
				SWIFT_VERSION = 5.0;
				TARGETED_DEVICE_FAMILY = "1,2";
				TEST_TARGET_NAME = Views;
			};
			name = Debug;
		};
		A406CDBC2B6DBDA100998D5C /* Release */ = {
			isa = XCBuildConfiguration;
			buildSettings = {
				ALWAYS_EMBED_SWIFT_STANDARD_LIBRARIES = YES;
				CODE_SIGN_STYLE = Automatic;
				CURRENT_PROJECT_VERSION = 1;
				DEVELOPMENT_TEAM = VKVRFXK4QK;
				GENERATE_INFOPLIST_FILE = YES;
				MARKETING_VERSION = 1.0;
				PRODUCT_BUNDLE_IDENTIFIER = com.coofzilla.ViewsUITests;
				PRODUCT_NAME = "$(TARGET_NAME)";
				SWIFT_EMIT_LOC_STRINGS = NO;
				SWIFT_VERSION = 5.0;
				TARGETED_DEVICE_FAMILY = "1,2";
				TEST_TARGET_NAME = Views;
			};
			name = Release;
		};
/* End XCBuildConfiguration section */

/* Begin XCConfigurationList section */
		A406CD8B2B6DBD9F00998D5C /* Build configuration list for PBXProject "Views" */ = {
			isa = XCConfigurationList;
			buildConfigurations = (
				A406CDB22B6DBDA100998D5C /* Debug */,
				A406CDB32B6DBDA100998D5C /* Release */,
			);
			defaultConfigurationIsVisible = 0;
			defaultConfigurationName = Release;
		};
		A406CDB42B6DBDA100998D5C /* Build configuration list for PBXNativeTarget "Views" */ = {
			isa = XCConfigurationList;
			buildConfigurations = (
				A406CDB52B6DBDA100998D5C /* Debug */,
				A406CDB62B6DBDA100998D5C /* Release */,
			);
			defaultConfigurationIsVisible = 0;
			defaultConfigurationName = Release;
		};
		A406CDB72B6DBDA100998D5C /* Build configuration list for PBXNativeTarget "ViewsTests" */ = {
			isa = XCConfigurationList;
			buildConfigurations = (
				A406CDB82B6DBDA100998D5C /* Debug */,
				A406CDB92B6DBDA100998D5C /* Release */,
			);
			defaultConfigurationIsVisible = 0;
			defaultConfigurationName = Release;
		};
		A406CDBA2B6DBDA100998D5C /* Build configuration list for PBXNativeTarget "ViewsUITests" */ = {
			isa = XCConfigurationList;
			buildConfigurations = (
				A406CDBB2B6DBDA100998D5C /* Debug */,
				A406CDBC2B6DBDA100998D5C /* Release */,
			);
			defaultConfigurationIsVisible = 0;
			defaultConfigurationName = Release;
		};
/* End XCConfigurationList section */
	};
	rootObject = A406CD882B6DBD9F00998D5C /* Project object */;
}
